// !$*UTF8*$!
{
	archiveVersion = 1;
	classes = {
	};
	objectVersion = 56;
	objects = {

/* Begin PBXBuildFile section */
		01E0C3E7842674F854441631 /* LearningSuiteClient.swift in Sources */ = {isa = PBXBuildFile; fileRef = 3FE8326E6B0E2B1C9E65ED38 /* LearningSuiteClient.swift */; };
		032CACC4C77C0CA14E35D5C4 /* LearningSuiteDateParserTests.swift in Sources */ = {isa = PBXBuildFile; fileRef = B41BAA84FC4D93D345CC1CEF /* LearningSuiteDateParserTests.swift */; };
		0757F1396524E24C2757C684 /* HTMLDocument.swift in Sources */ = {isa = PBXBuildFile; fileRef = 44869B982C9BC41669467AD3 /* HTMLDocument.swift */; };
		0AD642B3A7669E8FDB65F89B /* LearningSuiteSyncService.swift in Sources */ = {isa = PBXBuildFile; fileRef = 4F2468363BF65CCE4A07F931 /* LearningSuiteSyncService.swift */; };
		1AC4FF209E30966625C1B8E4 /* DeadlineDetailView.swift in Sources */ = {isa = PBXBuildFile; fileRef = E9E303D444386F3D9A9DE628 /* DeadlineDetailView.swift */; };
		1DED1C6EA03000D9C3216942 /* CanvasClient.swift in Sources */ = {isa = PBXBuildFile; fileRef = 5383E51DBCF27B0750B1CAE3 /* CanvasClient.swift */; };
		26EC6360A0DFF25C8EA6A7C0 /* OnboardingView.swift in Sources */ = {isa = PBXBuildFile; fileRef = CA529E8528CB59BBE85B8C79 /* OnboardingView.swift */; };
		270FD65D840E1A655EE7B3F1 /* CanvasTokenSetupView.swift in Sources */ = {isa = PBXBuildFile; fileRef = 88B00A790E6A2AC4D8B2D59C /* CanvasTokenSetupView.swift */; };
		2C9DF6A232FEF814938E8C94 /* RootView.swift in Sources */ = {isa = PBXBuildFile; fileRef = 9062092A7433B82487346464 /* RootView.swift */; };
		31C1A77CBFE4A7E6BF9D4D05 /* Assets.xcassets in Resources */ = {isa = PBXBuildFile; fileRef = 5935BC768537E278ABD42FC3 /* Assets.xcassets */; };
		322679F00AFEC059DFD2B652 /* DeadlineRow.swift in Sources */ = {isa = PBXBuildFile; fileRef = CE080C5510C9B4DEAA1085A1 /* DeadlineRow.swift */; };
		383D6EA615E16BEE69F11251 /* CougarDeadlineTrackerApp.swift in Sources */ = {isa = PBXBuildFile; fileRef = A09BE32B66586F257CDBC605 /* CougarDeadlineTrackerApp.swift */; };
		3B0BF2787FF671B794748837 /* CanvasParsingTests.swift in Sources */ = {isa = PBXBuildFile; fileRef = E8B137D41FA02D3F54444B26 /* CanvasParsingTests.swift */; };
		4F6457F25ED9A4B7265E4A6B /* LearningSuiteDateParser.swift in Sources */ = {isa = PBXBuildFile; fileRef = FB9E0FB03121042DB07963FC /* LearningSuiteDateParser.swift */; };
		540670F21BF2A13A977C5C8D /* ReconnectSheet.swift in Sources */ = {isa = PBXBuildFile; fileRef = F26CA00B81D7B5ED131AE273 /* ReconnectSheet.swift */; };
		5F5024CB2A0A3B14E3E0BCC1 /* Fixtures in Resources */ = {isa = PBXBuildFile; fileRef = 26367F0ABEAA1F043F0EA4FF /* Fixtures */; };
		5FD9CEA4B82EE3777A94ACB2 /* DeadlineStoreTests.swift in Sources */ = {isa = PBXBuildFile; fileRef = B15D5A689A0C9D4B4C73627D /* DeadlineStoreTests.swift */; };
		602FE23169CF49CEA663B314 /* BackgroundRefresh.swift in Sources */ = {isa = PBXBuildFile; fileRef = 8BDF33B5FCF0B4137BDFC615 /* BackgroundRefresh.swift */; };
		6151974F5413C45201CB610E /* LearningSuiteParsingTests.swift in Sources */ = {isa = PBXBuildFile; fileRef = 4E2F5ED70C8963EAC81C216D /* LearningSuiteParsingTests.swift */; };
		6668FDD2E8D4DC0103E68B6A /* NotificationScheduler.swift in Sources */ = {isa = PBXBuildFile; fileRef = 5447AE522980F06CFD2539B4 /* NotificationScheduler.swift */; };
		67AE008758AD3A67ECAD430D /* LearningSuiteParsing.swift in Sources */ = {isa = PBXBuildFile; fileRef = 63E07B93E8D34B38DB0D8D07 /* LearningSuiteParsing.swift */; };
		68C9BB9A7F70B8C5617C33E1 /* CanvasSyncService.swift in Sources */ = {isa = PBXBuildFile; fileRef = 8B577FD7AF00ACCA76490C07 /* CanvasSyncService.swift */; };
		6B41FBB4914A7D9D02436C16 /* CalendarScreen.swift in Sources */ = {isa = PBXBuildFile; fileRef = 920B496C9287606D599D8764 /* CalendarScreen.swift */; };
		6F2A88AF60BF7CAD6808FA85 /* CalendarLayout.swift in Sources */ = {isa = PBXBuildFile; fileRef = 7FD7A211DD620717FA5C9786 /* CalendarLayout.swift */; };
		709AE3F21B4ADD166C9573FD /* AppModel.swift in Sources */ = {isa = PBXBuildFile; fileRef = F012812614D88C84C147F31C /* AppModel.swift */; };
		746AF9452DDCEBCB6A98D885 /* SettingsView.swift in Sources */ = {isa = PBXBuildFile; fileRef = 43FA2F91D4A64D2455C9E539 /* SettingsView.swift */; };
		90D4E0D4726BE81ED9E3C73D /* SyncStatusBanner.swift in Sources */ = {isa = PBXBuildFile; fileRef = C4BE656C4B72D744255D153E /* SyncStatusBanner.swift */; };
		9B0D48C7FC7E9D16EE6F9E09 /* HTMLDocumentTests.swift in Sources */ = {isa = PBXBuildFile; fileRef = C31E665C3AD94FE18A6BD406 /* HTMLDocumentTests.swift */; };
		A6C9E6D1B2ECB6CF644BF6A4 /* SyncState.swift in Sources */ = {isa = PBXBuildFile; fileRef = 884BC962125F97D8630E3F18 /* SyncState.swift */; };
		A7C6A03FD4FE6D4F7447F914 /* ImportedDeadline.swift in Sources */ = {isa = PBXBuildFile; fileRef = 16FC34E2FBE4606C7205BA73 /* ImportedDeadline.swift */; };
		AE99C1FF199C2CFECF3BDFE5 /* LearningSuiteWebLogin.swift in Sources */ = {isa = PBXBuildFile; fileRef = ED482C7AA671EDB362CDE6DE /* LearningSuiteWebLogin.swift */; };
		AFA89A65D6E46C3BD2B10FF3 /* DeadlineGrouping.swift in Sources */ = {isa = PBXBuildFile; fileRef = FF4E7F80F6ABC6FFAD6EDC9A /* DeadlineGrouping.swift */; };
		B29C44BC0D3DBDD1E9B96247 /* MonthGridView.swift in Sources */ = {isa = PBXBuildFile; fileRef = 683E0B6285B166037CB0AA73 /* MonthGridView.swift */; };
		BCF74A1ACF87D62006725E91 /* NotificationSchedulerTests.swift in Sources */ = {isa = PBXBuildFile; fileRef = C3816FF5FDC89D0274BD272F /* NotificationSchedulerTests.swift */; };
		C63264FF611FA98773FAE9E8 /* CredentialStore.swift in Sources */ = {isa = PBXBuildFile; fileRef = 645283D966A3B2ED5039D491 /* CredentialStore.swift */; };
		CC6C73F9C8104581ABBA1545 /* AppSettings.swift in Sources */ = {isa = PBXBuildFile; fileRef = 83595D57E8F8174E4F899612 /* AppSettings.swift */; };
		D107741C823CFE3AC7FE1944 /* Keychain.swift in Sources */ = {isa = PBXBuildFile; fileRef = D73B0EAD65B6A3605E70FECB /* Keychain.swift */; };
		D442018AFC8666A9E19E25BC /* LearningSuiteSelectors.json in Resources */ = {isa = PBXBuildFile; fileRef = AD821997D27625138E9ED3D8 /* LearningSuiteSelectors.json */; };
		D9E17C5AB478E7A60A769602 /* DayListView.swift in Sources */ = {isa = PBXBuildFile; fileRef = 0BD734A0E34073F5352DC6DE /* DayListView.swift */; };
		DB9775D29B3CCF7868336634 /* CalendarAndGroupingTests.swift in Sources */ = {isa = PBXBuildFile; fileRef = 8D0E7C9ECB71EC5B79F52D82 /* CalendarAndGroupingTests.swift */; };
		E7134B94A95B898D81111313 /* FixtureLoader.swift in Sources */ = {isa = PBXBuildFile; fileRef = 7F9BD215420D55A1E0728178 /* FixtureLoader.swift */; };
		EAC83268E794661B0B0690BD /* Deadline.swift in Sources */ = {isa = PBXBuildFile; fileRef = 43A0DE423CD543A9238D3718 /* Deadline.swift */; };
		F50569B737A0A89B0D09882C /* DeadlineStore.swift in Sources */ = {isa = PBXBuildFile; fileRef = BD00E7F3916FC6164718AE98 /* DeadlineStore.swift */; };
		F8DBB119216E2E3A9842E4AC /* CanvasDTOs.swift in Sources */ = {isa = PBXBuildFile; fileRef = A5C64AE28F74C320D447F0E7 /* CanvasDTOs.swift */; };
/* End PBXBuildFile section */

/* Begin PBXContainerItemProxy section */
		323C3B257A357C9ED069C500 /* PBXContainerItemProxy */ = {
			isa = PBXContainerItemProxy;
			containerPortal = 46F86FAA6BBF9AC94A7E4595 /* Project object */;
			proxyType = 1;
			remoteGlobalIDString = E3435DDA2687639586BF0B70;
			remoteInfo = CougarDeadlineTracker;
		};
/* End PBXContainerItemProxy section */

/* Begin PBXFileReference section */
		0BD734A0E34073F5352DC6DE /* DayListView.swift */ = {isa = PBXFileReference; lastKnownFileType = sourcecode.swift; path = DayListView.swift; sourceTree = "<group>"; };
		16FC34E2FBE4606C7205BA73 /* ImportedDeadline.swift */ = {isa = PBXFileReference; lastKnownFileType = sourcecode.swift; path = ImportedDeadline.swift; sourceTree = "<group>"; };
		23DB281888D4A4F91D9FB11B /* Info.plist */ = {isa = PBXFileReference; lastKnownFileType = text.plist.xml; path = Info.plist; sourceTree = "<group>"; };
		26367F0ABEAA1F043F0EA4FF /* Fixtures */ = {isa = PBXFileReference; lastKnownFileType = folder; path = Fixtures; sourceTree = "<group>"; };
		3CD2E0AF1E1AD0B3EDCC6B23 /* README.md */ = {isa = PBXFileReference; lastKnownFileType = net.daringfireball.markdown; path = README.md; sourceTree = "<group>"; };
		3FE8326E6B0E2B1C9E65ED38 /* LearningSuiteClient.swift */ = {isa = PBXFileReference; lastKnownFileType = sourcecode.swift; path = LearningSuiteClient.swift; sourceTree = "<group>"; };
		43A0DE423CD543A9238D3718 /* Deadline.swift */ = {isa = PBXFileReference; lastKnownFileType = sourcecode.swift; path = Deadline.swift; sourceTree = "<group>"; };
		43FA2F91D4A64D2455C9E539 /* SettingsView.swift */ = {isa = PBXFileReference; lastKnownFileType = sourcecode.swift; path = SettingsView.swift; sourceTree = "<group>"; };
		44869B982C9BC41669467AD3 /* HTMLDocument.swift */ = {isa = PBXFileReference; lastKnownFileType = sourcecode.swift; path = HTMLDocument.swift; sourceTree = "<group>"; };
		4E2F5ED70C8963EAC81C216D /* LearningSuiteParsingTests.swift */ = {isa = PBXFileReference; lastKnownFileType = sourcecode.swift; path = LearningSuiteParsingTests.swift; sourceTree = "<group>"; };
		4F2468363BF65CCE4A07F931 /* LearningSuiteSyncService.swift */ = {isa = PBXFileReference; lastKnownFileType = sourcecode.swift; path = LearningSuiteSyncService.swift; sourceTree = "<group>"; };
		5383E51DBCF27B0750B1CAE3 /* CanvasClient.swift */ = {isa = PBXFileReference; lastKnownFileType = sourcecode.swift; path = CanvasClient.swift; sourceTree = "<group>"; };
		5447AE522980F06CFD2539B4 /* NotificationScheduler.swift */ = {isa = PBXFileReference; lastKnownFileType = sourcecode.swift; path = NotificationScheduler.swift; sourceTree = "<group>"; };
		5935BC768537E278ABD42FC3 /* Assets.xcassets */ = {isa = PBXFileReference; lastKnownFileType = folder.assetcatalog; path = Assets.xcassets; sourceTree = "<group>"; };
		63E07B93E8D34B38DB0D8D07 /* LearningSuiteParsing.swift */ = {isa = PBXFileReference; lastKnownFileType = sourcecode.swift; path = LearningSuiteParsing.swift; sourceTree = "<group>"; };
		645283D966A3B2ED5039D491 /* CredentialStore.swift */ = {isa = PBXFileReference; lastKnownFileType = sourcecode.swift; path = CredentialStore.swift; sourceTree = "<group>"; };
		683E0B6285B166037CB0AA73 /* MonthGridView.swift */ = {isa = PBXFileReference; lastKnownFileType = sourcecode.swift; path = MonthGridView.swift; sourceTree = "<group>"; };
		7F9BD215420D55A1E0728178 /* FixtureLoader.swift */ = {isa = PBXFileReference; lastKnownFileType = sourcecode.swift; path = FixtureLoader.swift; sourceTree = "<group>"; };
		7FD7A211DD620717FA5C9786 /* CalendarLayout.swift */ = {isa = PBXFileReference; lastKnownFileType = sourcecode.swift; path = CalendarLayout.swift; sourceTree = "<group>"; };
		83595D57E8F8174E4F899612 /* AppSettings.swift */ = {isa = PBXFileReference; lastKnownFileType = sourcecode.swift; path = AppSettings.swift; sourceTree = "<group>"; };
		84337AD8D27FCD69AF2C4FC2 /* CougarDeadlineTracker.app */ = {isa = PBXFileReference; explicitFileType = wrapper.application; includeInIndex = 0; path = CougarDeadlineTracker.app; sourceTree = BUILT_PRODUCTS_DIR; };
		884BC962125F97D8630E3F18 /* SyncState.swift */ = {isa = PBXFileReference; lastKnownFileType = sourcecode.swift; path = SyncState.swift; sourceTree = "<group>"; };
		88B00A790E6A2AC4D8B2D59C /* CanvasTokenSetupView.swift */ = {isa = PBXFileReference; lastKnownFileType = sourcecode.swift; path = CanvasTokenSetupView.swift; sourceTree = "<group>"; };
		8B577FD7AF00ACCA76490C07 /* CanvasSyncService.swift */ = {isa = PBXFileReference; lastKnownFileType = sourcecode.swift; path = CanvasSyncService.swift; sourceTree = "<group>"; };
		8BDF33B5FCF0B4137BDFC615 /* BackgroundRefresh.swift */ = {isa = PBXFileReference; lastKnownFileType = sourcecode.swift; path = BackgroundRefresh.swift; sourceTree = "<group>"; };
		8D0E7C9ECB71EC5B79F52D82 /* CalendarAndGroupingTests.swift */ = {isa = PBXFileReference; lastKnownFileType = sourcecode.swift; path = CalendarAndGroupingTests.swift; sourceTree = "<group>"; };
		9062092A7433B82487346464 /* RootView.swift */ = {isa = PBXFileReference; lastKnownFileType = sourcecode.swift; path = RootView.swift; sourceTree = "<group>"; };
		920B496C9287606D599D8764 /* CalendarScreen.swift */ = {isa = PBXFileReference; lastKnownFileType = sourcecode.swift; path = CalendarScreen.swift; sourceTree = "<group>"; };
		A09BE32B66586F257CDBC605 /* CougarDeadlineTrackerApp.swift */ = {isa = PBXFileReference; lastKnownFileType = sourcecode.swift; path = CougarDeadlineTrackerApp.swift; sourceTree = "<group>"; };
		A5C64AE28F74C320D447F0E7 /* CanvasDTOs.swift */ = {isa = PBXFileReference; lastKnownFileType = sourcecode.swift; path = CanvasDTOs.swift; sourceTree = "<group>"; };
		AD821997D27625138E9ED3D8 /* LearningSuiteSelectors.json */ = {isa = PBXFileReference; lastKnownFileType = text.json; path = LearningSuiteSelectors.json; sourceTree = "<group>"; };
		B15D5A689A0C9D4B4C73627D /* DeadlineStoreTests.swift */ = {isa = PBXFileReference; lastKnownFileType = sourcecode.swift; path = DeadlineStoreTests.swift; sourceTree = "<group>"; };
		B41BAA84FC4D93D345CC1CEF /* LearningSuiteDateParserTests.swift */ = {isa = PBXFileReference; lastKnownFileType = sourcecode.swift; path = LearningSuiteDateParserTests.swift; sourceTree = "<group>"; };
		BD00E7F3916FC6164718AE98 /* DeadlineStore.swift */ = {isa = PBXFileReference; lastKnownFileType = sourcecode.swift; path = DeadlineStore.swift; sourceTree = "<group>"; };
		C31E665C3AD94FE18A6BD406 /* HTMLDocumentTests.swift */ = {isa = PBXFileReference; lastKnownFileType = sourcecode.swift; path = HTMLDocumentTests.swift; sourceTree = "<group>"; };
		C3816FF5FDC89D0274BD272F /* NotificationSchedulerTests.swift */ = {isa = PBXFileReference; lastKnownFileType = sourcecode.swift; path = NotificationSchedulerTests.swift; sourceTree = "<group>"; };
		C4BE656C4B72D744255D153E /* SyncStatusBanner.swift */ = {isa = PBXFileReference; lastKnownFileType = sourcecode.swift; path = SyncStatusBanner.swift; sourceTree = "<group>"; };
		CA529E8528CB59BBE85B8C79 /* OnboardingView.swift */ = {isa = PBXFileReference; lastKnownFileType = sourcecode.swift; path = OnboardingView.swift; sourceTree = "<group>"; };
		CE080C5510C9B4DEAA1085A1 /* DeadlineRow.swift */ = {isa = PBXFileReference; lastKnownFileType = sourcecode.swift; path = DeadlineRow.swift; sourceTree = "<group>"; };
		D73B0EAD65B6A3605E70FECB /* Keychain.swift */ = {isa = PBXFileReference; lastKnownFileType = sourcecode.swift; path = Keychain.swift; sourceTree = "<group>"; };
		DFDED23FA58339F9273F6C84 /* CougarDeadlineTrackerTests.xctest */ = {isa = PBXFileReference; explicitFileType = wrapper.cfbundle; includeInIndex = 0; path = CougarDeadlineTrackerTests.xctest; sourceTree = BUILT_PRODUCTS_DIR; };
		E8B137D41FA02D3F54444B26 /* CanvasParsingTests.swift */ = {isa = PBXFileReference; lastKnownFileType = sourcecode.swift; path = CanvasParsingTests.swift; sourceTree = "<group>"; };
		E9E303D444386F3D9A9DE628 /* DeadlineDetailView.swift */ = {isa = PBXFileReference; lastKnownFileType = sourcecode.swift; path = DeadlineDetailView.swift; sourceTree = "<group>"; };
		ED482C7AA671EDB362CDE6DE /* LearningSuiteWebLogin.swift */ = {isa = PBXFileReference; lastKnownFileType = sourcecode.swift; path = LearningSuiteWebLogin.swift; sourceTree = "<group>"; };
		F012812614D88C84C147F31C /* AppModel.swift */ = {isa = PBXFileReference; lastKnownFileType = sourcecode.swift; path = AppModel.swift; sourceTree = "<group>"; };
		F26CA00B81D7B5ED131AE273 /* ReconnectSheet.swift */ = {isa = PBXFileReference; lastKnownFileType = sourcecode.swift; path = ReconnectSheet.swift; sourceTree = "<group>"; };
		FB9E0FB03121042DB07963FC /* LearningSuiteDateParser.swift */ = {isa = PBXFileReference; lastKnownFileType = sourcecode.swift; path = LearningSuiteDateParser.swift; sourceTree = "<group>"; };
		FF4E7F80F6ABC6FFAD6EDC9A /* DeadlineGrouping.swift */ = {isa = PBXFileReference; lastKnownFileType = sourcecode.swift; path = DeadlineGrouping.swift; sourceTree = "<group>"; };
/* End PBXFileReference section */

/* Begin PBXFrameworksBuildPhase section */
		7B0E6EA142DE57B58B876D46 /* Frameworks */ = {
			isa = PBXFrameworksBuildPhase;
			buildActionMask = 2147483647;
			files = (
			);
			runOnlyForDeploymentPostprocessing = 0;
		};
		823BAE067F060E29AAF6C7AA /* Frameworks */ = {
			isa = PBXFrameworksBuildPhase;
			buildActionMask = 2147483647;
			files = (
			);
			runOnlyForDeploymentPostprocessing = 0;
		};
/* End PBXFrameworksBuildPhase section */

/* Begin PBXGroup section */
		0205D2AC9AED238BF5664399 /* Canvas */ = {
			isa = PBXGroup;
			children = (
				5383E51DBCF27B0750B1CAE3 /* CanvasClient.swift */,
				A5C64AE28F74C320D447F0E7 /* CanvasDTOs.swift */,
				8B577FD7AF00ACCA76490C07 /* CanvasSyncService.swift */,
			);
			path = Canvas;
			sourceTree = "<group>";
		};
		085BD4B67AC49A015BDEA87D /* Components */ = {
			isa = PBXGroup;
			children = (
				F26CA00B81D7B5ED131AE273 /* ReconnectSheet.swift */,
				C4BE656C4B72D744255D153E /* SyncStatusBanner.swift */,
			);
			path = Components;
			sourceTree = "<group>";
		};
		0ACA97E5D0E237E51C5602A0 /* Model */ = {
			isa = PBXGroup;
			children = (
				83595D57E8F8174E4F899612 /* AppSettings.swift */,
				43A0DE423CD543A9238D3718 /* Deadline.swift */,
				16FC34E2FBE4606C7205BA73 /* ImportedDeadline.swift */,
				884BC962125F97D8630E3F18 /* SyncState.swift */,
			);
			path = Model;
			sourceTree = "<group>";
		};
		1070EC0492A13CD360C0592E /* Auth */ = {
			isa = PBXGroup;
			children = (
				645283D966A3B2ED5039D491 /* CredentialStore.swift */,
				D73B0EAD65B6A3605E70FECB /* Keychain.swift */,
			);
			path = Auth;
			sourceTree = "<group>";
		};
		1EAF122D8D5802492105EB03 /* Support */ = {
			isa = PBXGroup;
			children = (
				44869B982C9BC41669467AD3 /* HTMLDocument.swift */,
			);
			path = Support;
			sourceTree = "<group>";
		};
		2EBEF24EAD62315A961AF3DE /* Settings */ = {
			isa = PBXGroup;
			children = (
				43FA2F91D4A64D2455C9E539 /* SettingsView.swift */,
			);
			path = Settings;
			sourceTree = "<group>";
		};
		2F3A6B1E78F896718625FF06 /* Products */ = {
			isa = PBXGroup;
			children = (
				84337AD8D27FCD69AF2C4FC2 /* CougarDeadlineTracker.app */,
				DFDED23FA58339F9273F6C84 /* CougarDeadlineTrackerTests.xctest */,
			);
			name = Products;
			sourceTree = "<group>";
		};
		48A4138C8D8065836B7E5896 /* Onboarding */ = {
			isa = PBXGroup;
			children = (
				88B00A790E6A2AC4D8B2D59C /* CanvasTokenSetupView.swift */,
				CA529E8528CB59BBE85B8C79 /* OnboardingView.swift */,
			);
			path = Onboarding;
			sourceTree = "<group>";
		};
		515169430D41785FADB49DDC /* Persistence */ = {
			isa = PBXGroup;
			children = (
				FF4E7F80F6ABC6FFAD6EDC9A /* DeadlineGrouping.swift */,
				BD00E7F3916FC6164718AE98 /* DeadlineStore.swift */,
			);
			path = Persistence;
			sourceTree = "<group>";
		};
		54BA8ED26DD15F212A97E81E /* Calendar */ = {
			isa = PBXGroup;
			children = (
				7FD7A211DD620717FA5C9786 /* CalendarLayout.swift */,
				920B496C9287606D599D8764 /* CalendarScreen.swift */,
				683E0B6285B166037CB0AA73 /* MonthGridView.swift */,
			);
			path = Calendar;
			sourceTree = "<group>";
		};
		5958F9FFB415285807760102 /* CougarDeadlineTrackerTests */ = {
			isa = PBXGroup;
			children = (
				26367F0ABEAA1F043F0EA4FF /* Fixtures */,
				8D0E7C9ECB71EC5B79F52D82 /* CalendarAndGroupingTests.swift */,
				E8B137D41FA02D3F54444B26 /* CanvasParsingTests.swift */,
				B15D5A689A0C9D4B4C73627D /* DeadlineStoreTests.swift */,
				7F9BD215420D55A1E0728178 /* FixtureLoader.swift */,
				C31E665C3AD94FE18A6BD406 /* HTMLDocumentTests.swift */,
				B41BAA84FC4D93D345CC1CEF /* LearningSuiteDateParserTests.swift */,
				4E2F5ED70C8963EAC81C216D /* LearningSuiteParsingTests.swift */,
				C3816FF5FDC89D0274BD272F /* NotificationSchedulerTests.swift */,
			);
			path = CougarDeadlineTrackerTests;
			sourceTree = "<group>";
		};
		5A52D5F5C7B8F6C08F0530AF /* Sync */ = {
			isa = PBXGroup;
			children = (
				F012812614D88C84C147F31C /* AppModel.swift */,
				8BDF33B5FCF0B4137BDFC615 /* BackgroundRefresh.swift */,
			);
			path = Sync;
			sourceTree = "<group>";
		};
		74A5B40458BCC2B3C4EDEB44 /* DayList */ = {
			isa = PBXGroup;
			children = (
				0BD734A0E34073F5352DC6DE /* DayListView.swift */,
				E9E303D444386F3D9A9DE628 /* DeadlineDetailView.swift */,
				CE080C5510C9B4DEAA1085A1 /* DeadlineRow.swift */,
			);
			path = DayList;
			sourceTree = "<group>";
		};
		87A07BFC80CB153EED6A3DF4 /* LearningSuite */ = {
			isa = PBXGroup;
			children = (
				3FE8326E6B0E2B1C9E65ED38 /* LearningSuiteClient.swift */,
				FB9E0FB03121042DB07963FC /* LearningSuiteDateParser.swift */,
				63E07B93E8D34B38DB0D8D07 /* LearningSuiteParsing.swift */,
				4F2468363BF65CCE4A07F931 /* LearningSuiteSyncService.swift */,
				ED482C7AA671EDB362CDE6DE /* LearningSuiteWebLogin.swift */,
			);
			path = LearningSuite;
			sourceTree = "<group>";
		};
		8B8A8E9669DBB8C10FFA72AE /* Notifications */ = {
			isa = PBXGroup;
			children = (
				5447AE522980F06CFD2539B4 /* NotificationScheduler.swift */,
			);
			path = Notifications;
			sourceTree = "<group>";
		};
		9115A32C9F674D100ACAA0F8 /* CougarDeadlineTracker */ = {
			isa = PBXGroup;
			children = (
				1070EC0492A13CD360C0592E /* Auth */,
				0205D2AC9AED238BF5664399 /* Canvas */,
				87A07BFC80CB153EED6A3DF4 /* LearningSuite */,
				0ACA97E5D0E237E51C5602A0 /* Model */,
				8B8A8E9669DBB8C10FFA72AE /* Notifications */,
				515169430D41785FADB49DDC /* Persistence */,
				BF16D21389213F1EE54A371A /* Resources */,
				1EAF122D8D5802492105EB03 /* Support */,
				5A52D5F5C7B8F6C08F0530AF /* Sync */,
				E604B21D3136BC6598B298F3 /* Views */,
				5935BC768537E278ABD42FC3 /* Assets.xcassets */,
				A09BE32B66586F257CDBC605 /* CougarDeadlineTrackerApp.swift */,
				23DB281888D4A4F91D9FB11B /* Info.plist */,
			);
			path = CougarDeadlineTracker;
			sourceTree = "<group>";
		};
		B9340614599AB78F485950C7 = {
			isa = PBXGroup;
			children = (
				3CD2E0AF1E1AD0B3EDCC6B23 /* README.md */,
				9115A32C9F674D100ACAA0F8 /* CougarDeadlineTracker */,
				5958F9FFB415285807760102 /* CougarDeadlineTrackerTests */,
				2F3A6B1E78F896718625FF06 /* Products */,
			);
			sourceTree = "<group>";
		};
		BF16D21389213F1EE54A371A /* Resources */ = {
			isa = PBXGroup;
			children = (
				AD821997D27625138E9ED3D8 /* LearningSuiteSelectors.json */,
			);
			path = Resources;
			sourceTree = "<group>";
		};
		E604B21D3136BC6598B298F3 /* Views */ = {
			isa = PBXGroup;
			children = (
				54BA8ED26DD15F212A97E81E /* Calendar */,
				085BD4B67AC49A015BDEA87D /* Components */,
				74A5B40458BCC2B3C4EDEB44 /* DayList */,
				48A4138C8D8065836B7E5896 /* Onboarding */,
				2EBEF24EAD62315A961AF3DE /* Settings */,
				9062092A7433B82487346464 /* RootView.swift */,
			);
			path = Views;
			sourceTree = "<group>";
		};
/* End PBXGroup section */

/* Begin PBXNativeTarget section */
		A700229C3AC2DAE057FE5B27 /* CougarDeadlineTrackerTests */ = {
			isa = PBXNativeTarget;
			buildConfigurationList = 8C4F6857846669CCC6D534D4 /* Build configuration list for PBXNativeTarget "CougarDeadlineTrackerTests" */;
			buildPhases = (
				4D75DE1CB5973A4C92F4B220 /* Sources */,
				7B0E6EA142DE57B58B876D46 /* Frameworks */,
				59B40E4C2612F7DD0420BFA5 /* Resources */,
			);
			buildRules = (
			);
			dependencies = (
				6B4E3CE9C39CCBA72A607E8E /* PBXTargetDependency */,
			);
			name = CougarDeadlineTrackerTests;
			productName = CougarDeadlineTrackerTests;
			productReference = DFDED23FA58339F9273F6C84 /* CougarDeadlineTrackerTests.xctest */;
			productType = "com.apple.product-type.bundle.unit-test";
		};
		E3435DDA2687639586BF0B70 /* CougarDeadlineTracker */ = {
			isa = PBXNativeTarget;
			buildConfigurationList = D4CB0E4AA83B40D38FF8F334 /* Build configuration list for PBXNativeTarget "CougarDeadlineTracker" */;
			buildPhases = (
				2E56BAE16EA227D7633E2916 /* Sources */,
				823BAE067F060E29AAF6C7AA /* Frameworks */,
				444253039D6FC8BE549D62B9 /* Resources */,
			);
			buildRules = (
			);
			dependencies = (
			);
			name = CougarDeadlineTracker;
			productName = CougarDeadlineTracker;
			productReference = 84337AD8D27FCD69AF2C4FC2 /* CougarDeadlineTracker.app */;
			productType = "com.apple.product-type.application";
		};
/* End PBXNativeTarget section */

/* Begin PBXProject section */
		46F86FAA6BBF9AC94A7E4595 /* Project object */ = {
			isa = PBXProject;
			attributes = {
				BuildIndependentTargetsInParallel = 1;
				LastSwiftUpdateCheck = 1500;
				LastUpgradeCheck = 1500;
				TargetAttributes = {
					E3435DDA2687639586BF0B70 = {
						CreatedOnToolsVersion = 15.0;
					};
					A700229C3AC2DAE057FE5B27 = {
						CreatedOnToolsVersion = 15.0;
						TestTargetID = E3435DDA2687639586BF0B70;
					};
				};
			};
			buildConfigurationList = AE883439A53704486338BDB1 /* Build configuration list for PBXProject "CougarDeadlineTracker" */;
			compatibilityVersion = "Xcode 14.0";
			developmentRegion = en;
			hasScannedForEncodings = 0;
			knownRegions = (
				en,
				Base,
			);
			mainGroup = B9340614599AB78F485950C7;
			productRefGroup = 2F3A6B1E78F896718625FF06 /* Products */;
			projectDirPath = "";
			projectRoot = "";
			targets = (
				E3435DDA2687639586BF0B70 /* CougarDeadlineTracker */,
				A700229C3AC2DAE057FE5B27 /* CougarDeadlineTrackerTests */,
			);
		};
/* End PBXProject section */

/* Begin PBXResourcesBuildPhase section */
		444253039D6FC8BE549D62B9 /* Resources */ = {
			isa = PBXResourcesBuildPhase;
			buildActionMask = 2147483647;
			files = (
				D442018AFC8666A9E19E25BC /* LearningSuiteSelectors.json in Resources */,
				31C1A77CBFE4A7E6BF9D4D05 /* Assets.xcassets in Resources */,
			);
			runOnlyForDeploymentPostprocessing = 0;
		};
		59B40E4C2612F7DD0420BFA5 /* Resources */ = {
			isa = PBXResourcesBuildPhase;
			buildActionMask = 2147483647;
			files = (
				5F5024CB2A0A3B14E3E0BCC1 /* Fixtures in Resources */,
			);
			runOnlyForDeploymentPostprocessing = 0;
		};
/* End PBXResourcesBuildPhase section */

/* Begin PBXSourcesBuildPhase section */
		2E56BAE16EA227D7633E2916 /* Sources */ = {
			isa = PBXSourcesBuildPhase;
			buildActionMask = 2147483647;
			files = (
				C63264FF611FA98773FAE9E8 /* CredentialStore.swift in Sources */,
				D107741C823CFE3AC7FE1944 /* Keychain.swift in Sources */,
				1DED1C6EA03000D9C3216942 /* CanvasClient.swift in Sources */,
				F8DBB119216E2E3A9842E4AC /* CanvasDTOs.swift in Sources */,
				68C9BB9A7F70B8C5617C33E1 /* CanvasSyncService.swift in Sources */,
				01E0C3E7842674F854441631 /* LearningSuiteClient.swift in Sources */,
				4F6457F25ED9A4B7265E4A6B /* LearningSuiteDateParser.swift in Sources */,
				67AE008758AD3A67ECAD430D /* LearningSuiteParsing.swift in Sources */,
				0AD642B3A7669E8FDB65F89B /* LearningSuiteSyncService.swift in Sources */,
				AE99C1FF199C2CFECF3BDFE5 /* LearningSuiteWebLogin.swift in Sources */,
				CC6C73F9C8104581ABBA1545 /* AppSettings.swift in Sources */,
				EAC83268E794661B0B0690BD /* Deadline.swift in Sources */,
				A7C6A03FD4FE6D4F7447F914 /* ImportedDeadline.swift in Sources */,
				A6C9E6D1B2ECB6CF644BF6A4 /* SyncState.swift in Sources */,
				6668FDD2E8D4DC0103E68B6A /* NotificationScheduler.swift in Sources */,
				AFA89A65D6E46C3BD2B10FF3 /* DeadlineGrouping.swift in Sources */,
				F50569B737A0A89B0D09882C /* DeadlineStore.swift in Sources */,
				0757F1396524E24C2757C684 /* HTMLDocument.swift in Sources */,
				709AE3F21B4ADD166C9573FD /* AppModel.swift in Sources */,
				602FE23169CF49CEA663B314 /* BackgroundRefresh.swift in Sources */,
				6F2A88AF60BF7CAD6808FA85 /* CalendarLayout.swift in Sources */,
				6B41FBB4914A7D9D02436C16 /* CalendarScreen.swift in Sources */,
				B29C44BC0D3DBDD1E9B96247 /* MonthGridView.swift in Sources */,
				540670F21BF2A13A977C5C8D /* ReconnectSheet.swift in Sources */,
				90D4E0D4726BE81ED9E3C73D /* SyncStatusBanner.swift in Sources */,
				D9E17C5AB478E7A60A769602 /* DayListView.swift in Sources */,
				1AC4FF209E30966625C1B8E4 /* DeadlineDetailView.swift in Sources */,
				322679F00AFEC059DFD2B652 /* DeadlineRow.swift in Sources */,
				270FD65D840E1A655EE7B3F1 /* CanvasTokenSetupView.swift in Sources */,
				26EC6360A0DFF25C8EA6A7C0 /* OnboardingView.swift in Sources */,
				746AF9452DDCEBCB6A98D885 /* SettingsView.swift in Sources */,
				2C9DF6A232FEF814938E8C94 /* RootView.swift in Sources */,
				383D6EA615E16BEE69F11251 /* CougarDeadlineTrackerApp.swift in Sources */,
			);
			runOnlyForDeploymentPostprocessing = 0;
		};
		4D75DE1CB5973A4C92F4B220 /* Sources */ = {
			isa = PBXSourcesBuildPhase;
			buildActionMask = 2147483647;
			files = (
				DB9775D29B3CCF7868336634 /* CalendarAndGroupingTests.swift in Sources */,
				3B0BF2787FF671B794748837 /* CanvasParsingTests.swift in Sources */,
				5FD9CEA4B82EE3777A94ACB2 /* DeadlineStoreTests.swift in Sources */,
				E7134B94A95B898D81111313 /* FixtureLoader.swift in Sources */,
				9B0D48C7FC7E9D16EE6F9E09 /* HTMLDocumentTests.swift in Sources */,
				032CACC4C77C0CA14E35D5C4 /* LearningSuiteDateParserTests.swift in Sources */,
				6151974F5413C45201CB610E /* LearningSuiteParsingTests.swift in Sources */,
				BCF74A1ACF87D62006725E91 /* NotificationSchedulerTests.swift in Sources */,
			);
			runOnlyForDeploymentPostprocessing = 0;
		};
/* End PBXSourcesBuildPhase section */

/* Begin PBXTargetDependency section */
		6B4E3CE9C39CCBA72A607E8E /* PBXTargetDependency */ = {
			isa = PBXTargetDependency;
			target = E3435DDA2687639586BF0B70 /* CougarDeadlineTracker */;
			targetProxy = 323C3B257A357C9ED069C500 /* PBXContainerItemProxy */;
		};
/* End PBXTargetDependency section */

/* Begin XCBuildConfiguration section */
		3D1EB397E0AD31BE891001F8 /* Release */ = {
			isa = XCBuildConfiguration;
			buildSettings = {
				ALWAYS_SEARCH_USER_PATHS = NO;
				CLANG_ANALYZER_NONNULL = YES;
				CLANG_ENABLE_MODULES = YES;
				CLANG_ENABLE_OBJC_ARC = YES;
				CLANG_WARN_DOCUMENTATION_COMMENTS = YES;
				COPY_PHASE_STRIP = NO;
				ENABLE_STRICT_OBJC_MSGSEND = YES;
				ENABLE_USER_SCRIPT_SANDBOXING = YES;
				GCC_C_LANGUAGE_STANDARD = gnu17;
				GCC_NO_COMMON_BLOCKS = YES;
				IPHONEOS_DEPLOYMENT_TARGET = 17.0;
				LOCALIZATION_PREFERS_STRING_CATALOGS = YES;
				MTL_FAST_MATH = YES;
				SDKROOT = iphoneos;
				SWIFT_EMIT_LOC_STRINGS = YES;
				SWIFT_VERSION = 5.0;
				DEBUG_INFORMATION_FORMAT = "dwarf-with-dsym";
				ENABLE_NS_ASSERTIONS = NO;
				MTL_ENABLE_DEBUG_INFO = NO;
				SWIFT_COMPILATION_MODE = wholemodule;
				VALIDATE_PRODUCT = YES;
			};
			name = Release;
		};
		5B6AAE68B30B0E5F4D7FF5C1 /* Debug */ = {
			isa = XCBuildConfiguration;
			buildSettings = {
				ALWAYS_SEARCH_USER_PATHS = NO;
				CLANG_ANALYZER_NONNULL = YES;
				CLANG_ENABLE_MODULES = YES;
				CLANG_ENABLE_OBJC_ARC = YES;
				CLANG_WARN_DOCUMENTATION_COMMENTS = YES;
				COPY_PHASE_STRIP = NO;
				ENABLE_STRICT_OBJC_MSGSEND = YES;
				ENABLE_USER_SCRIPT_SANDBOXING = YES;
				GCC_C_LANGUAGE_STANDARD = gnu17;
				GCC_NO_COMMON_BLOCKS = YES;
				IPHONEOS_DEPLOYMENT_TARGET = 17.0;
				LOCALIZATION_PREFERS_STRING_CATALOGS = YES;
				MTL_FAST_MATH = YES;
				SDKROOT = iphoneos;
				SWIFT_EMIT_LOC_STRINGS = YES;
				SWIFT_VERSION = 5.0;
				DEBUG_INFORMATION_FORMAT = dwarf;
				ENABLE_TESTABILITY = YES;
				GCC_OPTIMIZATION_LEVEL = 0;
				GCC_PREPROCESSOR_DEFINITIONS = (
					"DEBUG=1",
					"$(inherited)",
				);
				MTL_ENABLE_DEBUG_INFO = INCLUDE_SOURCE;
				ONLY_ACTIVE_ARCH = YES;
				SWIFT_ACTIVE_COMPILATION_CONDITIONS = "DEBUG $(inherited)";
				SWIFT_OPTIMIZATION_LEVEL = "-Onone";
			};
			name = Debug;
		};
		6BAACA2AC8551C5164C47550 /* Release */ = {
			isa = XCBuildConfiguration;
			buildSettings = {
				ASSETCATALOG_COMPILER_APPICON_NAME = AppIcon;
				CODE_SIGN_STYLE = Automatic;
				CURRENT_PROJECT_VERSION = 1;
				DEVELOPMENT_TEAM = "";
				ENABLE_PREVIEWS = YES;
				GENERATE_INFOPLIST_FILE = NO;
				INFOPLIST_FILE = CougarDeadlineTracker/Info.plist;
				INFOPLIST_KEY_UILaunchScreen_Generation = YES;
				LD_RUNPATH_SEARCH_PATHS = (
					"$(inherited)",
					"@executable_path/Frameworks",
				);
				MARKETING_VERSION = 1.0;
				PRODUCT_BUNDLE_IDENTIFIER = com.cougardeadlines.tracker;
				PRODUCT_NAME = "$(TARGET_NAME)";
				SWIFT_EMIT_LOC_STRINGS = YES;
				TARGETED_DEVICE_FAMILY = "1,2";
			};
			name = Release;
		};
		86FC9758AFEEC8F031A59D9B /* Release */ = {
			isa = XCBuildConfiguration;
			buildSettings = {
				BUNDLE_LOADER = "$(TEST_HOST)";
				CODE_SIGN_STYLE = Automatic;
				CURRENT_PROJECT_VERSION = 1;
				DEVELOPMENT_TEAM = "";
				GENERATE_INFOPLIST_FILE = YES;
				MARKETING_VERSION = 1.0;
				PRODUCT_BUNDLE_IDENTIFIER = com.cougardeadlines.tracker.tests;
				PRODUCT_NAME = "$(TARGET_NAME)";
				SWIFT_EMIT_LOC_STRINGS = NO;
				TARGETED_DEVICE_FAMILY = "1,2";
				TEST_HOST = "$(BUILT_PRODUCTS_DIR)/CougarDeadlineTracker.app/$(BUNDLE_EXECUTABLE_FOLDER_PATH)/CougarDeadlineTracker";
			};
			name = Release;
		};
		B67CD65210FF23690FA3EB2D /* Debug */ = {
			isa = XCBuildConfiguration;
			buildSettings = {
				BUNDLE_LOADER = "$(TEST_HOST)";
				CODE_SIGN_STYLE = Automatic;
				CURRENT_PROJECT_VERSION = 1;
				DEVELOPMENT_TEAM = "";
				GENERATE_INFOPLIST_FILE = YES;
				MARKETING_VERSION = 1.0;
				PRODUCT_BUNDLE_IDENTIFIER = com.cougardeadlines.tracker.tests;
				PRODUCT_NAME = "$(TARGET_NAME)";
				SWIFT_EMIT_LOC_STRINGS = NO;
				TARGETED_DEVICE_FAMILY = "1,2";
				TEST_HOST = "$(BUILT_PRODUCTS_DIR)/CougarDeadlineTracker.app/$(BUNDLE_EXECUTABLE_FOLDER_PATH)/CougarDeadlineTracker";
			};
			name = Debug;
		};
		EBBBD7F91FC1FC106BBBFD3E /* Debug */ = {
			isa = XCBuildConfiguration;
			buildSettings = {
				ASSETCATALOG_COMPILER_APPICON_NAME = AppIcon;
				CODE_SIGN_STYLE = Automatic;
				CURRENT_PROJECT_VERSION = 1;
				DEVELOPMENT_TEAM = "";
				ENABLE_PREVIEWS = YES;
				GENERATE_INFOPLIST_FILE = NO;
				INFOPLIST_FILE = CougarDeadlineTracker/Info.plist;
				INFOPLIST_KEY_UILaunchScreen_Generation = YES;
				LD_RUNPATH_SEARCH_PATHS = (
					"$(inherited)",
					"@executable_path/Frameworks",
				);
				MARKETING_VERSION = 1.0;
				PRODUCT_BUNDLE_IDENTIFIER = com.cougardeadlines.tracker;
				PRODUCT_NAME = "$(TARGET_NAME)";
				SWIFT_EMIT_LOC_STRINGS = YES;
				TARGETED_DEVICE_FAMILY = "1,2";
			};
			name = Debug;
		};
/* End XCBuildConfiguration section */

/* Begin XCConfigurationList section */
		8C4F6857846669CCC6D534D4 /* Build configuration list for PBXNativeTarget "CougarDeadlineTrackerTests" */ = {
			isa = XCConfigurationList;
			buildConfigurations = (
				B67CD65210FF23690FA3EB2D /* Debug */,
				86FC9758AFEEC8F031A59D9B /* Release */,
			);
			defaultConfigurationIsVisible = 0;
			defaultConfigurationName = Release;
		};
		AE883439A53704486338BDB1 /* Build configuration list for PBXProject "CougarDeadlineTracker" */ = {
			isa = XCConfigurationList;
			buildConfigurations = (
				5B6AAE68B30B0E5F4D7FF5C1 /* Debug */,
				3D1EB397E0AD31BE891001F8 /* Release */,
			);
			defaultConfigurationIsVisible = 0;
			defaultConfigurationName = Release;
		};
		D4CB0E4AA83B40D38FF8F334 /* Build configuration list for PBXNativeTarget "CougarDeadlineTracker" */ = {
			isa = XCConfigurationList;
			buildConfigurations = (
				EBBBD7F91FC1FC106BBBFD3E /* Debug */,
				6BAACA2AC8551C5164C47550 /* Release */,
			);
			defaultConfigurationIsVisible = 0;
			defaultConfigurationName = Release;
		};
/* End XCConfigurationList section */
	};
	rootObject = 46F86FAA6BBF9AC94A7E4595 /* Project object */;
}
